// !$*UTF8*$!
{
	archiveVersion = 1;
	classes = {
	};
	objectVersion = 46;
	objects = {

/* Begin PBXBuildFile section */
		BFF2656F158FBEC400A4AA4C /* UIKit.framework in Frameworks */ = {isa = PBXBuildFile; fileRef = BFF2656E158FBEC400A4AA4C /* UIKit.framework */; };
		BFF26571158FBEC400A4AA4C /* Foundation.framework in Frameworks */ = {isa = PBXBuildFile; fileRef = BFF26570158FBEC400A4AA4C /* Foundation.framework */; };
		BFF26573158FBEC400A4AA4C /* CoreGraphics.framework in Frameworks */ = {isa = PBXBuildFile; fileRef = BFF26572158FBEC400A4AA4C /* CoreGraphics.framework */; };
		BFF26579158FBEC400A4AA4C /* InfoPlist.strings in Resources */ = {isa = PBXBuildFile; fileRef = BFF26577158FBEC400A4AA4C /* InfoPlist.strings */; };
		BFF2657B158FBEC400A4AA4C /* main.m in Sources */ = {isa = PBXBuildFile; fileRef = BFF2657A158FBEC400A4AA4C /* main.m */; };
		BFF2657F158FBEC400A4AA4C /* AppDelegate.m in Sources */ = {isa = PBXBuildFile; fileRef = BFF2657E158FBEC400A4AA4C /* AppDelegate.m */; };
		BFF26582158FBEC400A4AA4C /* ViewController.m in Sources */ = {isa = PBXBuildFile; fileRef = BFF26581158FBEC400A4AA4C /* ViewController.m */; };
		BFF26585158FBEC400A4AA4C /* ViewController.xib in Resources */ = {isa = PBXBuildFile; fileRef = BFF26583158FBEC400A4AA4C /* ViewController.xib */; };
		BFF2658C158FBF2A00A4AA4C /* newEvent.xib in Resources */ = {isa = PBXBuildFile; fileRef = BFF2658B158FBF2A00A4AA4C /* newEvent.xib */; };
		BFF2658F158FBF5A00A4AA4C /* NewEventViewController.m in Sources */ = {isa = PBXBuildFile; fileRef = BFF2658E158FBF5A00A4AA4C /* NewEventViewController.m */; };
		BFF26596158FC13200A4AA4C /* zebra.jpg in Resources */ = {isa = PBXBuildFile; fileRef = BFF26595158FC13200A4AA4C /* zebra.jpg */; };
/* End PBXBuildFile section */

/* Begin PBXFileReference section */
		BFF2656A158FBEC400A4AA4C /* AoC2-wk4.app */ = {isa = PBXFileReference; explicitFileType = wrapper.application; includeInIndex = 0; path = "AoC2-wk4.app"; sourceTree = BUILT_PRODUCTS_DIR; };
		BFF2656E158FBEC400A4AA4C /* UIKit.framework */ = {isa = PBXFileReference; lastKnownFileType = wrapper.framework; name = UIKit.framework; path = System/Library/Frameworks/UIKit.framework; sourceTree = SDKROOT; };
		BFF26570158FBEC400A4AA4C /* Foundation.framework */ = {isa = PBXFileReference; lastKnownFileType = wrapper.framework; name = Foundation.framework; path = System/Library/Frameworks/Foundation.framework; sourceTree = SDKROOT; };
		BFF26572158FBEC400A4AA4C /* CoreGraphics.framework */ = {isa = PBXFileReference; lastKnownFileType = wrapper.framework; name = CoreGraphics.framework; path = System/Library/Frameworks/CoreGraphics.framework; sourceTree = SDKROOT; };
		BFF26576158FBEC400A4AA4C /* AoC2-wk4-Info.plist */ = {isa = PBXFileReference; lastKnownFileType = text.plist.xml; path = "AoC2-wk4-Info.plist"; sourceTree = "<group>"; };
		BFF26578158FBEC400A4AA4C /* en */ = {isa = PBXFileReference; lastKnownFileType = text.plist.strings; name = en; path = en.lproj/InfoPlist.strings; sourceTree = "<group>"; };
		BFF2657A158FBEC400A4AA4C /* main.m */ = {isa = PBXFileReference; lastKnownFileType = sourcecode.c.objc; path = main.m; sourceTree = "<group>"; };
		BFF2657C158FBEC400A4AA4C /* AoC2-wk4-Prefix.pch */ = {isa = PBXFileReference; lastKnownFileType = sourcecode.c.h; path = "AoC2-wk4-Prefix.pch"; sourceTree = "<group>"; };
		BFF2657D158FBEC400A4AA4C /* AppDelegate.h */ = {isa = PBXFileReference; lastKnownFileType = sourcecode.c.h; path = AppDelegate.h; sourceTree = "<group>"; };
		BFF2657E158FBEC400A4AA4C /* AppDelegate.m */ = {isa = PBXFileReference; lastKnownFileType = sourcecode.c.objc; path = AppDelegate.m; sourceTree = "<group>"; };
		BFF26580158FBEC400A4AA4C /* ViewController.h */ = {isa = PBXFileReference; lastKnownFileType = sourcecode.c.h; path = ViewController.h; sourceTree = "<group>"; };
		BFF26581158FBEC400A4AA4C /* ViewController.m */ = {isa = PBXFileReference; lastKnownFileType = sourcecode.c.objc; path = ViewController.m; sourceTree = "<group>"; };
		BFF26584158FBEC400A4AA4C /* en */ = {isa = PBXFileReference; lastKnownFileType = file.xib; name = en; path = en.lproj/ViewController.xib; sourceTree = "<group>"; };
		BFF2658B158FBF2A00A4AA4C /* newEvent.xib */ = {isa = PBXFileReference; fileEncoding = 4; lastKnownFileType = file.xib; name = newEvent.xib; path = ../newEvent.xib; sourceTree = "<group>"; };
		BFF2658D158FBF5A00A4AA4C /* NewEventViewController.h */ = {isa = PBXFileReference; fileEncoding = 4; lastKnownFileType = sourcecode.c.h; path = NewEventViewController.h; sourceTree = "<group>"; };
		BFF2658E158FBF5A00A4AA4C /* NewEventViewController.m */ = {isa = PBXFileReference; fileEncoding = 4; lastKnownFileType = sourcecode.c.objc; path = NewEventViewController.m; sourceTree = "<group>"; };
		BFF26590158FBFCF00A4AA4C /* eventProtocol.h */ = {isa = PBXFileReference; lastKnownFileType = sourcecode.c.h; path = eventProtocol.h; sourceTree = "<group>"; };
		BFF26595158FC13200A4AA4C /* zebra.jpg */ = {isa = PBXFileReference; lastKnownFileType = image.jpeg; path = zebra.jpg; sourceTree = "<group>"; };
/* End PBXFileReference section */

/* Begin PBXFrameworksBuildPhase section */
		BFF26567158FBEC400A4AA4C /* Frameworks */ = {
			isa = PBXFrameworksBuildPhase;
			buildActionMask = 2147483647;
			files = (
				BFF2656F158FBEC400A4AA4C /* UIKit.framework in Frameworks */,
				BFF26571158FBEC400A4AA4C /* Foundation.framework in Frameworks */,
				BFF26573158FBEC400A4AA4C /* CoreGraphics.framework in Frameworks */,
			);
			runOnlyForDeploymentPostprocessing = 0;
		};
/* End PBXFrameworksBuildPhase section */

/* Begin PBXGroup section */
		BFF2655F158FBEC400A4AA4C = {
			isa = PBXGroup;
			children = (
				BFF26574158FBEC400A4AA4C /* AoC2-wk4 */,
				BFF2656D158FBEC400A4AA4C /* Frameworks */,
				BFF2656B158FBEC400A4AA4C /* Products */,
			);
			sourceTree = "<group>";
		};
		BFF2656B158FBEC400A4AA4C /* Products */ = {
			isa = PBXGroup;
			children = (
				BFF2656A158FBEC400A4AA4C /* AoC2-wk4.app */,
			);
			name = Products;
			sourceTree = "<group>";
		};
		BFF2656D158FBEC400A4AA4C /* Frameworks */ = {
			isa = PBXGroup;
			children = (
				BFF2656E158FBEC400A4AA4C /* UIKit.framework */,
				BFF26570158FBEC400A4AA4C /* Foundation.framework */,
				BFF26572158FBEC400A4AA4C /* CoreGraphics.framework */,
			);
			name = Frameworks;
			sourceTree = "<group>";
		};
		BFF26574158FBEC400A4AA4C /* AoC2-wk4 */ = {
			isa = PBXGroup;
			children = (
				BFF2657D158FBEC400A4AA4C /* AppDelegate.h */,
				BFF2657E158FBEC400A4AA4C /* AppDelegate.m */,
				BFF26580158FBEC400A4AA4C /* ViewController.h */,
				BFF26581158FBEC400A4AA4C /* ViewController.m */,
				BFF26583158FBEC400A4AA4C /* ViewController.xib */,
				BFF2658D158FBF5A00A4AA4C /* NewEventViewController.h */,
				BFF2658E158FBF5A00A4AA4C /* NewEventViewController.m */,
				BFF2658B158FBF2A00A4AA4C /* newEvent.xib */,
				BFF26575158FBEC400A4AA4C /* Supporting Files */,
				BFF26590158FBFCF00A4AA4C /* eventProtocol.h */,
			);
			path = "AoC2-wk4";
			sourceTree = "<group>";
		};
		BFF26575158FBEC400A4AA4C /* Supporting Files */ = {
			isa = PBXGroup;
			children = (
				BFF26595158FC13200A4AA4C /* zebra.jpg */,
				BFF26576158FBEC400A4AA4C /* AoC2-wk4-Info.plist */,
				BFF26577158FBEC400A4AA4C /* InfoPlist.strings */,
				BFF2657A158FBEC400A4AA4C /* main.m */,
				BFF2657C158FBEC400A4AA4C /* AoC2-wk4-Prefix.pch */,
			);
			name = "Supporting Files";
			sourceTree = "<group>";
		};
/* End PBXGroup section */

/* Begin PBXNativeTarget section */
		BFF26569158FBEC400A4AA4C /* AoC2-wk4 */ = {
			isa = PBXNativeTarget;
			buildConfigurationList = BFF26588158FBEC400A4AA4C /* Build configuration list for PBXNativeTarget "AoC2-wk4" */;
			buildPhases = (
				BFF26566158FBEC400A4AA4C /* Sources */,
				BFF26567158FBEC400A4AA4C /* Frameworks */,
				BFF26568158FBEC400A4AA4C /* Resources */,
			);
			buildRules = (
			);
			dependencies = (
			);
			name = "AoC2-wk4";
			productName = "AoC2-wk4";
			productReference = BFF2656A158FBEC400A4AA4C /* AoC2-wk4.app */;
			productType = "com.apple.product-type.application";
		};
/* End PBXNativeTarget section */

/* Begin PBXProject section */
		BFF26561158FBEC400A4AA4C /* Project object */ = {
			isa = PBXProject;
			attributes = {
				LastUpgradeCheck = 0430;
			};
			buildConfigurationList = BFF26564158FBEC400A4AA4C /* Build configuration list for PBXProject "AoC2-wk4" */;
			compatibilityVersion = "Xcode 3.2";
			developmentRegion = English;
			hasScannedForEncodings = 0;
			knownRegions = (
				en,
			);
			mainGroup = BFF2655F158FBEC400A4AA4C;
			productRefGroup = BFF2656B158FBEC400A4AA4C /* Products */;
			projectDirPath = "";
			projectRoot = "";
			targets = (
				BFF26569158FBEC400A4AA4C /* AoC2-wk4 */,
			);
		};
/* End PBXProject section */

/* Begin PBXResourcesBuildPhase section */
		BFF26568158FBEC400A4AA4C /* Resources */ = {
			isa = PBXResourcesBuildPhase;
			buildActionMask = 2147483647;
			files = (
				BFF26579158FBEC400A4AA4C /* InfoPlist.strings in Resources */,
				BFF26585158FBEC400A4AA4C /* ViewController.xib in Resources */,
				BFF2658C158FBF2A00A4AA4C /* newEvent.xib in Resources */,
				BFF26596158FC13200A4AA4C /* zebra.jpg in Resources */,
			);
			runOnlyForDeploymentPostprocessing = 0;
		};
/* End PBXResourcesBuildPhase section */

/* Begin PBXSourcesBuildPhase section */
		BFF26566158FBEC400A4AA4C /* Sources */ = {
			isa = PBXSourcesBuildPhase;
			buildActionMask = 2147483647;
			files = (
				BFF2657B158FBEC400A4AA4C /* main.m in Sources */,
				BFF2657F158FBEC400A4AA4C /* AppDelegate.m in Sources */,
				BFF26582158FBEC400A4AA4C /* ViewController.m in Sources */,
				BFF2658F158FBF5A00A4AA4C /* NewEventViewController.m in Sources */,
			);
			runOnlyForDeploymentPostprocessing = 0;
		};
/* End PBXSourcesBuildPhase section */

/* Begin PBXVariantGroup section */
		BFF26577158FBEC400A4AA4C /* InfoPlist.strings */ = {
			isa = PBXVariantGroup;
			children = (
				BFF26578158FBEC400A4AA4C /* en */,
			);
			name = InfoPlist.strings;
			sourceTree = "<group>";
		};
		BFF26583158FBEC400A4AA4C /* ViewController.xib */ = {
			isa = PBXVariantGroup;
			children = (
				BFF26584158FBEC400A4AA4C /* en */,
			);
			name = ViewController.xib;
			sourceTree = "<group>";
		};
/* End PBXVariantGroup section */

/* Begin XCBuildConfiguration section */
		BFF26586158FBEC400A4AA4C /* Debug */ = {
			isa = XCBuildConfiguration;
			buildSettings = {
				ALWAYS_SEARCH_USER_PATHS = NO;
				ARCHS = "$(ARCHS_STANDARD_32_BIT)";
				CLANG_ENABLE_OBJC_ARC = YES;
				"CODE_SIGN_IDENTITY[sdk=iphoneos*]" = "iPhone Developer";
				COPY_PHASE_STRIP = NO;
				GCC_C_LANGUAGE_STANDARD = gnu99;
				GCC_DYNAMIC_NO_PIC = NO;
				GCC_OPTIMIZATION_LEVEL = 0;
				GCC_PREPROCESSOR_DEFINITIONS = (
					"DEBUG=1",
					"$(inherited)",
				);
				GCC_SYMBOLS_PRIVATE_EXTERN = NO;
				GCC_VERSION = com.apple.compilers.llvm.clang.1_0;
				GCC_WARN_ABOUT_RETURN_TYPE = YES;
				GCC_WARN_UNINITIALIZED_AUTOS = YES;
				GCC_WARN_UNUSED_VARIABLE = YES;
				IPHONEOS_DEPLOYMENT_TARGET = 5.1;
				SDKROOT = iphoneos;
			};
			name = Debug;
		};
		BFF26587158FBEC400A4AA4C /* Release */ = {
			isa = XCBuildConfiguration;
			buildSettings = {
				ALWAYS_SEARCH_USER_PATHS = NO;
				ARCHS = "$(ARCHS_STANDARD_32_BIT)";
				CLANG_ENABLE_OBJC_ARC = YES;
				"CODE_SIGN_IDENTITY[sdk=iphoneos*]" = "iPhone Developer";
				COPY_PHASE_STRIP = YES;
				GCC_C_LANGUAGE_STANDARD = gnu99;
				GCC_VERSION = com.apple.compilers.llvm.clang.1_0;
				GCC_WARN_ABOUT_RETURN_TYPE = YES;
				GCC_WARN_UNINITIALIZED_AUTOS = YES;
				GCC_WARN_UNUSED_VARIABLE = YES;
				IPHONEOS_DEPLOYMENT_TARGET = 5.1;
				OTHER_CFLAGS = "-DNS_BLOCK_ASSERTIONS=1";
				SDKROOT = iphoneos;
				VALIDATE_PRODUCT = YES;
			};
			name = Release;
		};
		BFF26589158FBEC400A4AA4C /* Debug */ = {
			isa = XCBuildConfiguration;
			buildSettings = {
				GCC_PRECOMPILE_PREFIX_HEADER = YES;
				GCC_PREFIX_HEADER = "AoC2-wk4/AoC2-wk4-Prefix.pch";
				INFOPLIST_FILE = "AoC2-wk4/AoC2-wk4-Info.plist";
				PRODUCT_NAME = "$(TARGET_NAME)";
				WRAPPER_EXTENSION = app;
			};
			name = Debug;
		};
		BFF2658A158FBEC400A4AA4C /* Release */ = {
			isa = XCBuildConfiguration;
			buildSettings = {
				GCC_PRECOMPILE_PREFIX_HEADER = YES;
				GCC_PREFIX_HEADER = "AoC2-wk4/AoC2-wk4-Prefix.pch";
				INFOPLIST_FILE = "AoC2-wk4/AoC2-wk4-Info.plist";
				PRODUCT_NAME = "$(TARGET_NAME)";
				WRAPPER_EXTENSION = app;
			};
			name = Release;
		};
/* End XCBuildConfiguration section */

/* Begin XCConfigurationList section */
		BFF26564158FBEC400A4AA4C /* Build configuration list for PBXProject "AoC2-wk4" */ = {
			isa = XCConfigurationList;
			buildConfigurations = (
				BFF26586158FBEC400A4AA4C /* Debug */,
				BFF26587158FBEC400A4AA4C /* Release */,
			);
			defaultConfigurationIsVisible = 0;
			defaultConfigurationName = Release;
		};
		BFF26588158FBEC400A4AA4C /* Build configuration list for PBXNativeTarget "AoC2-wk4" */ = {
			isa = XCConfigurationList;
			buildConfigurations = (
				BFF26589158FBEC400A4AA4C /* Debug */,
				BFF2658A158FBEC400A4AA4C /* Release */,
			);
			defaultConfigurationIsVisible = 0;
		};
/* End XCConfigurationList section */
	};
	rootObject = BFF26561158FBEC400A4AA4C /* Project object */;
}
