// !$*UTF8*$!
{
	archiveVersion = 1;
	classes = {
	};
	objectVersion = 46;
	objects = {

/* Begin PBXBuildFile section */
		BFBC9B4C1575670A00F4AE3C /* UIKit.framework in Frameworks */ = {isa = PBXBuildFile; fileRef = BFBC9B4B1575670A00F4AE3C /* UIKit.framework */; };
		BFBC9B4E1575670A00F4AE3C /* Foundation.framework in Frameworks */ = {isa = PBXBuildFile; fileRef = BFBC9B4D1575670A00F4AE3C /* Foundation.framework */; };
		BFBC9B501575670A00F4AE3C /* CoreGraphics.framework in Frameworks */ = {isa = PBXBuildFile; fileRef = BFBC9B4F1575670A00F4AE3C /* CoreGraphics.framework */; };
		BFBC9B561575670A00F4AE3C /* InfoPlist.strings in Resources */ = {isa = PBXBuildFile; fileRef = BFBC9B541575670A00F4AE3C /* InfoPlist.strings */; };
		BFBC9B581575670A00F4AE3C /* main.m in Sources */ = {isa = PBXBuildFile; fileRef = BFBC9B571575670A00F4AE3C /* main.m */; };
		BFBC9B5C1575670A00F4AE3C /* AppDelegate.m in Sources */ = {isa = PBXBuildFile; fileRef = BFBC9B5B1575670A00F4AE3C /* AppDelegate.m */; };
		BFBC9B5F1575670A00F4AE3C /* ViewController.m in Sources */ = {isa = PBXBuildFile; fileRef = BFBC9B5E1575670A00F4AE3C /* ViewController.m */; };
		BFBC9B621575670A00F4AE3C /* ViewController.xib in Resources */ = {isa = PBXBuildFile; fileRef = BFBC9B601575670A00F4AE3C /* ViewController.xib */; };
		BFBC9B6A15756C2E00F4AE3C /* ShapeClass.m in Sources */ = {isa = PBXBuildFile; fileRef = BFBC9B6915756C2E00F4AE3C /* ShapeClass.m */; };
		BFBC9B711575DDAA00F4AE3C /* TriangleClass.m in Sources */ = {isa = PBXBuildFile; fileRef = BFBC9B701575DDAA00F4AE3C /* TriangleClass.m */; };
		BFBC9B741575DDC100F4AE3C /* SquareClass.m in Sources */ = {isa = PBXBuildFile; fileRef = BFBC9B731575DDC100F4AE3C /* SquareClass.m */; };
		BFBC9B771575DDE100F4AE3C /* RectangleClass.m in Sources */ = {isa = PBXBuildFile; fileRef = BFBC9B761575DDE100F4AE3C /* RectangleClass.m */; };
		BFBC9B7A1575DE2600F4AE3C /* ShapeFactory.m in Sources */ = {isa = PBXBuildFile; fileRef = BFBC9B791575DE2600F4AE3C /* ShapeFactory.m */; };
		BFBC9B80157730CB00F4AE3C /* Rect.png in Resources */ = {isa = PBXBuildFile; fileRef = BFBC9B7F157730CB00F4AE3C /* Rect.png */; };
		BFBC9B82157730DB00F4AE3C /* Tri.png in Resources */ = {isa = PBXBuildFile; fileRef = BFBC9B81157730DB00F4AE3C /* Tri.png */; };
		BFBC9B84157730E900F4AE3C /* Sqr.png in Resources */ = {isa = PBXBuildFile; fileRef = BFBC9B83157730E900F4AE3C /* Sqr.png */; };
		BFBC9B861577D40500F4AE3C /* TriBG.jpg in Resources */ = {isa = PBXBuildFile; fileRef = BFBC9B851577D40500F4AE3C /* TriBG.jpg */; };
		BFBC9B881577D71100F4AE3C /* SqrBG.jpg in Resources */ = {isa = PBXBuildFile; fileRef = BFBC9B871577D71100F4AE3C /* SqrBG.jpg */; };
		BFBC9B8A1577D71800F4AE3C /* RectBG.jpg in Resources */ = {isa = PBXBuildFile; fileRef = BFBC9B891577D71800F4AE3C /* RectBG.jpg */; };
/* End PBXBuildFile section */

/* Begin PBXFileReference section */
		BFBC9B471575670A00F4AE3C /* AoC2-Wk1.app */ = {isa = PBXFileReference; explicitFileType = wrapper.application; includeInIndex = 0; path = "AoC2-Wk1.app"; sourceTree = BUILT_PRODUCTS_DIR; };
		BFBC9B4B1575670A00F4AE3C /* UIKit.framework */ = {isa = PBXFileReference; lastKnownFileType = wrapper.framework; name = UIKit.framework; path = System/Library/Frameworks/UIKit.framework; sourceTree = SDKROOT; };
		BFBC9B4D1575670A00F4AE3C /* Foundation.framework */ = {isa = PBXFileReference; lastKnownFileType = wrapper.framework; name = Foundation.framework; path = System/Library/Frameworks/Foundation.framework; sourceTree = SDKROOT; };
		BFBC9B4F1575670A00F4AE3C /* CoreGraphics.framework */ = {isa = PBXFileReference; lastKnownFileType = wrapper.framework; name = CoreGraphics.framework; path = System/Library/Frameworks/CoreGraphics.framework; sourceTree = SDKROOT; };
		BFBC9B531575670A00F4AE3C /* AoC2-Wk1-Info.plist */ = {isa = PBXFileReference; lastKnownFileType = text.plist.xml; path = "AoC2-Wk1-Info.plist"; sourceTree = "<group>"; };
		BFBC9B551575670A00F4AE3C /* en */ = {isa = PBXFileReference; lastKnownFileType = text.plist.strings; name = en; path = en.lproj/InfoPlist.strings; sourceTree = "<group>"; };
		BFBC9B571575670A00F4AE3C /* main.m */ = {isa = PBXFileReference; lastKnownFileType = sourcecode.c.objc; path = main.m; sourceTree = "<group>"; };
		BFBC9B591575670A00F4AE3C /* AoC2-Wk1-Prefix.pch */ = {isa = PBXFileReference; lastKnownFileType = sourcecode.c.h; path = "AoC2-Wk1-Prefix.pch"; sourceTree = "<group>"; };
		BFBC9B5A1575670A00F4AE3C /* AppDelegate.h */ = {isa = PBXFileReference; lastKnownFileType = sourcecode.c.h; path = AppDelegate.h; sourceTree = "<group>"; };
		BFBC9B5B1575670A00F4AE3C /* AppDelegate.m */ = {isa = PBXFileReference; lastKnownFileType = sourcecode.c.objc; path = AppDelegate.m; sourceTree = "<group>"; };
		BFBC9B5D1575670A00F4AE3C /* ViewController.h */ = {isa = PBXFileReference; lastKnownFileType = sourcecode.c.h; path = ViewController.h; sourceTree = "<group>"; };
		BFBC9B5E1575670A00F4AE3C /* ViewController.m */ = {isa = PBXFileReference; lastKnownFileType = sourcecode.c.objc; path = ViewController.m; sourceTree = "<group>"; };
		BFBC9B611575670A00F4AE3C /* en */ = {isa = PBXFileReference; lastKnownFileType = file.xib; name = en; path = en.lproj/ViewController.xib; sourceTree = "<group>"; };
		BFBC9B6815756C2E00F4AE3C /* ShapeClass.h */ = {isa = PBXFileReference; fileEncoding = 4; lastKnownFileType = sourcecode.c.h; path = ShapeClass.h; sourceTree = "<group>"; };
		BFBC9B6915756C2E00F4AE3C /* ShapeClass.m */ = {isa = PBXFileReference; fileEncoding = 4; lastKnownFileType = sourcecode.c.objc; path = ShapeClass.m; sourceTree = "<group>"; };
		BFBC9B6F1575DDAA00F4AE3C /* TriangleClass.h */ = {isa = PBXFileReference; fileEncoding = 4; lastKnownFileType = sourcecode.c.h; path = TriangleClass.h; sourceTree = "<group>"; };
		BFBC9B701575DDAA00F4AE3C /* TriangleClass.m */ = {isa = PBXFileReference; fileEncoding = 4; lastKnownFileType = sourcecode.c.objc; path = TriangleClass.m; sourceTree = "<group>"; };
		BFBC9B721575DDC100F4AE3C /* SquareClass.h */ = {isa = PBXFileReference; fileEncoding = 4; lastKnownFileType = sourcecode.c.h; path = SquareClass.h; sourceTree = "<group>"; };
		BFBC9B731575DDC100F4AE3C /* SquareClass.m */ = {isa = PBXFileReference; fileEncoding = 4; lastKnownFileType = sourcecode.c.objc; path = SquareClass.m; sourceTree = "<group>"; };
		BFBC9B751575DDE100F4AE3C /* RectangleClass.h */ = {isa = PBXFileReference; fileEncoding = 4; lastKnownFileType = sourcecode.c.h; path = RectangleClass.h; sourceTree = "<group>"; };
		BFBC9B761575DDE100F4AE3C /* RectangleClass.m */ = {isa = PBXFileReference; fileEncoding = 4; lastKnownFileType = sourcecode.c.objc; path = RectangleClass.m; sourceTree = "<group>"; };
		BFBC9B781575DE2600F4AE3C /* ShapeFactory.h */ = {isa = PBXFileReference; fileEncoding = 4; lastKnownFileType = sourcecode.c.h; path = ShapeFactory.h; sourceTree = "<group>"; };
		BFBC9B791575DE2600F4AE3C /* ShapeFactory.m */ = {isa = PBXFileReference; fileEncoding = 4; lastKnownFileType = sourcecode.c.objc; path = ShapeFactory.m; sourceTree = "<group>"; };
		BFBC9B7F157730CB00F4AE3C /* Rect.png */ = {isa = PBXFileReference; lastKnownFileType = image.png; path = Rect.png; sourceTree = "<group>"; };
		BFBC9B81157730DB00F4AE3C /* Tri.png */ = {isa = PBXFileReference; lastKnownFileType = image.png; path = Tri.png; sourceTree = "<group>"; };
		BFBC9B83157730E900F4AE3C /* Sqr.png */ = {isa = PBXFileReference; lastKnownFileType = image.png; path = Sqr.png; sourceTree = "<group>"; };
		BFBC9B851577D40500F4AE3C /* TriBG.jpg */ = {isa = PBXFileReference; lastKnownFileType = image.jpeg; path = TriBG.jpg; sourceTree = "<group>"; };
		BFBC9B871577D71100F4AE3C /* SqrBG.jpg */ = {isa = PBXFileReference; lastKnownFileType = image.jpeg; path = SqrBG.jpg; sourceTree = "<group>"; };
		BFBC9B891577D71800F4AE3C /* RectBG.jpg */ = {isa = PBXFileReference; lastKnownFileType = image.jpeg; path = RectBG.jpg; sourceTree = "<group>"; };
/* End PBXFileReference section */

/* Begin PBXFrameworksBuildPhase section */
		BFBC9B441575670A00F4AE3C /* Frameworks */ = {
			isa = PBXFrameworksBuildPhase;
			buildActionMask = 2147483647;
			files = (
				BFBC9B4C1575670A00F4AE3C /* UIKit.framework in Frameworks */,
				BFBC9B4E1575670A00F4AE3C /* Foundation.framework in Frameworks */,
				BFBC9B501575670A00F4AE3C /* CoreGraphics.framework in Frameworks */,
			);
			runOnlyForDeploymentPostprocessing = 0;
		};
/* End PBXFrameworksBuildPhase section */

/* Begin PBXGroup section */
		BFBC9B3C1575670A00F4AE3C = {
			isa = PBXGroup;
			children = (
				BFBC9B511575670A00F4AE3C /* AoC2-Wk1 */,
				BFBC9B4A1575670A00F4AE3C /* Frameworks */,
				BFBC9B481575670A00F4AE3C /* Products */,
			);
			sourceTree = "<group>";
		};
		BFBC9B481575670A00F4AE3C /* Products */ = {
			isa = PBXGroup;
			children = (
				BFBC9B471575670A00F4AE3C /* AoC2-Wk1.app */,
			);
			name = Products;
			sourceTree = "<group>";
		};
		BFBC9B4A1575670A00F4AE3C /* Frameworks */ = {
			isa = PBXGroup;
			children = (
				BFBC9B4B1575670A00F4AE3C /* UIKit.framework */,
				BFBC9B4D1575670A00F4AE3C /* Foundation.framework */,
				BFBC9B4F1575670A00F4AE3C /* CoreGraphics.framework */,
			);
			name = Frameworks;
			sourceTree = "<group>";
		};
		BFBC9B511575670A00F4AE3C /* AoC2-Wk1 */ = {
			isa = PBXGroup;
			children = (
				BFBC9B5A1575670A00F4AE3C /* AppDelegate.h */,
				BFBC9B5B1575670A00F4AE3C /* AppDelegate.m */,
				BFBC9B5D1575670A00F4AE3C /* ViewController.h */,
				BFBC9B5E1575670A00F4AE3C /* ViewController.m */,
				BFBC9B601575670A00F4AE3C /* ViewController.xib */,
				BFBC9B521575670A00F4AE3C /* Supporting Files */,
				BFBC9B6815756C2E00F4AE3C /* ShapeClass.h */,
				BFBC9B6915756C2E00F4AE3C /* ShapeClass.m */,
				BFBC9B6F1575DDAA00F4AE3C /* TriangleClass.h */,
				BFBC9B701575DDAA00F4AE3C /* TriangleClass.m */,
				BFBC9B721575DDC100F4AE3C /* SquareClass.h */,
				BFBC9B731575DDC100F4AE3C /* SquareClass.m */,
				BFBC9B751575DDE100F4AE3C /* RectangleClass.h */,
				BFBC9B761575DDE100F4AE3C /* RectangleClass.m */,
				BFBC9B781575DE2600F4AE3C /* ShapeFactory.h */,
				BFBC9B791575DE2600F4AE3C /* ShapeFactory.m */,
			);
			path = "AoC2-Wk1";
			sourceTree = "<group>";
		};
		BFBC9B521575670A00F4AE3C /* Supporting Files */ = {
			isa = PBXGroup;
			children = (
				BFBC9B891577D71800F4AE3C /* RectBG.jpg */,
				BFBC9B871577D71100F4AE3C /* SqrBG.jpg */,
				BFBC9B851577D40500F4AE3C /* TriBG.jpg */,
				BFBC9B83157730E900F4AE3C /* Sqr.png */,
				BFBC9B81157730DB00F4AE3C /* Tri.png */,
				BFBC9B7F157730CB00F4AE3C /* Rect.png */,
				BFBC9B531575670A00F4AE3C /* AoC2-Wk1-Info.plist */,
				BFBC9B541575670A00F4AE3C /* InfoPlist.strings */,
				BFBC9B571575670A00F4AE3C /* main.m */,
				BFBC9B591575670A00F4AE3C /* AoC2-Wk1-Prefix.pch */,
			);
			name = "Supporting Files";
			sourceTree = "<group>";
		};
/* End PBXGroup section */

/* Begin PBXNativeTarget section */
		BFBC9B461575670A00F4AE3C /* AoC2-Wk1 */ = {
			isa = PBXNativeTarget;
			buildConfigurationList = BFBC9B651575670A00F4AE3C /* Build configuration list for PBXNativeTarget "AoC2-Wk1" */;
			buildPhases = (
				BFBC9B431575670A00F4AE3C /* Sources */,
				BFBC9B441575670A00F4AE3C /* Frameworks */,
				BFBC9B451575670A00F4AE3C /* Resources */,
			);
			buildRules = (
			);
			dependencies = (
			);
			name = "AoC2-Wk1";
			productName = "AoC2-Wk1";
			productReference = BFBC9B471575670A00F4AE3C /* AoC2-Wk1.app */;
			productType = "com.apple.product-type.application";
		};
/* End PBXNativeTarget section */

/* Begin PBXProject section */
		BFBC9B3E1575670A00F4AE3C /* Project object */ = {
			isa = PBXProject;
			attributes = {
				LastUpgradeCheck = 0430;
			};
			buildConfigurationList = BFBC9B411575670A00F4AE3C /* Build configuration list for PBXProject "AoC2-Wk1" */;
			compatibilityVersion = "Xcode 3.2";
			developmentRegion = English;
			hasScannedForEncodings = 0;
			knownRegions = (
				en,
			);
			mainGroup = BFBC9B3C1575670A00F4AE3C;
			productRefGroup = BFBC9B481575670A00F4AE3C /* Products */;
			projectDirPath = "";
			projectRoot = "";
			targets = (
				BFBC9B461575670A00F4AE3C /* AoC2-Wk1 */,
			);
		};
/* End PBXProject section */

/* Begin PBXResourcesBuildPhase section */
		BFBC9B451575670A00F4AE3C /* Resources */ = {
			isa = PBXResourcesBuildPhase;
			buildActionMask = 2147483647;
			files = (
				BFBC9B561575670A00F4AE3C /* InfoPlist.strings in Resources */,
				BFBC9B621575670A00F4AE3C /* ViewController.xib in Resources */,
				BFBC9B80157730CB00F4AE3C /* Rect.png in Resources */,
				BFBC9B82157730DB00F4AE3C /* Tri.png in Resources */,
				BFBC9B84157730E900F4AE3C /* Sqr.png in Resources */,
				BFBC9B861577D40500F4AE3C /* TriBG.jpg in Resources */,
				BFBC9B881577D71100F4AE3C /* SqrBG.jpg in Resources */,
				BFBC9B8A1577D71800F4AE3C /* RectBG.jpg in Resources */,
			);
			runOnlyForDeploymentPostprocessing = 0;
		};
/* End PBXResourcesBuildPhase section */

/* Begin PBXSourcesBuildPhase section */
		BFBC9B431575670A00F4AE3C /* Sources */ = {
			isa = PBXSourcesBuildPhase;
			buildActionMask = 2147483647;
			files = (
				BFBC9B581575670A00F4AE3C /* main.m in Sources */,
				BFBC9B5C1575670A00F4AE3C /* AppDelegate.m in Sources */,
				BFBC9B5F1575670A00F4AE3C /* ViewController.m in Sources */,
				BFBC9B6A15756C2E00F4AE3C /* ShapeClass.m in Sources */,
				BFBC9B711575DDAA00F4AE3C /* TriangleClass.m in Sources */,
				BFBC9B741575DDC100F4AE3C /* SquareClass.m in Sources */,
				BFBC9B771575DDE100F4AE3C /* RectangleClass.m in Sources */,
				BFBC9B7A1575DE2600F4AE3C /* ShapeFactory.m in Sources */,
			);
			runOnlyForDeploymentPostprocessing = 0;
		};
/* End PBXSourcesBuildPhase section */

/* Begin PBXVariantGroup section */
		BFBC9B541575670A00F4AE3C /* InfoPlist.strings */ = {
			isa = PBXVariantGroup;
			children = (
				BFBC9B551575670A00F4AE3C /* en */,
			);
			name = InfoPlist.strings;
			sourceTree = "<group>";
		};
		BFBC9B601575670A00F4AE3C /* ViewController.xib */ = {
			isa = PBXVariantGroup;
			children = (
				BFBC9B611575670A00F4AE3C /* en */,
			);
			name = ViewController.xib;
			sourceTree = "<group>";
		};
/* End PBXVariantGroup section */

/* Begin XCBuildConfiguration section */
		BFBC9B631575670A00F4AE3C /* Debug */ = {
			isa = XCBuildConfiguration;
			buildSettings = {
				ALWAYS_SEARCH_USER_PATHS = NO;
				ARCHS = "$(ARCHS_STANDARD_32_BIT)";
				CLANG_ENABLE_OBJC_ARC = YES;
				"CODE_SIGN_IDENTITY[sdk=iphoneos*]" = "iPhone Developer";
				COPY_PHASE_STRIP = NO;
				GCC_C_LANGUAGE_STANDARD = gnu99;
				GCC_DYNAMIC_NO_PIC = NO;
				GCC_OPTIMIZATION_LEVEL = 0;
				GCC_PREPROCESSOR_DEFINITIONS = (
					"DEBUG=1",
					"$(inherited)",
				);
				GCC_SYMBOLS_PRIVATE_EXTERN = NO;
				GCC_VERSION = com.apple.compilers.llvm.clang.1_0;
				GCC_WARN_ABOUT_RETURN_TYPE = YES;
				GCC_WARN_UNINITIALIZED_AUTOS = YES;
				GCC_WARN_UNUSED_VARIABLE = YES;
				IPHONEOS_DEPLOYMENT_TARGET = 5.1;
				SDKROOT = iphoneos;
			};
			name = Debug;
		};
		BFBC9B641575670A00F4AE3C /* Release */ = {
			isa = XCBuildConfiguration;
			buildSettings = {
				ALWAYS_SEARCH_USER_PATHS = NO;
				ARCHS = "$(ARCHS_STANDARD_32_BIT)";
				CLANG_ENABLE_OBJC_ARC = YES;
				"CODE_SIGN_IDENTITY[sdk=iphoneos*]" = "iPhone Developer";
				COPY_PHASE_STRIP = YES;
				GCC_C_LANGUAGE_STANDARD = gnu99;
				GCC_VERSION = com.apple.compilers.llvm.clang.1_0;
				GCC_WARN_ABOUT_RETURN_TYPE = YES;
				GCC_WARN_UNINITIALIZED_AUTOS = YES;
				GCC_WARN_UNUSED_VARIABLE = YES;
				IPHONEOS_DEPLOYMENT_TARGET = 5.1;
				OTHER_CFLAGS = "-DNS_BLOCK_ASSERTIONS=1";
				SDKROOT = iphoneos;
				VALIDATE_PRODUCT = YES;
			};
			name = Release;
		};
		BFBC9B661575670A00F4AE3C /* Debug */ = {
			isa = XCBuildConfiguration;
			buildSettings = {
				GCC_PRECOMPILE_PREFIX_HEADER = YES;
				GCC_PREFIX_HEADER = "AoC2-Wk1/AoC2-Wk1-Prefix.pch";
				INFOPLIST_FILE = "AoC2-Wk1/AoC2-Wk1-Info.plist";
				PRODUCT_NAME = "$(TARGET_NAME)";
				WRAPPER_EXTENSION = app;
			};
			name = Debug;
		};
		BFBC9B671575670A00F4AE3C /* Release */ = {
			isa = XCBuildConfiguration;
			buildSettings = {
				GCC_PRECOMPILE_PREFIX_HEADER = YES;
				GCC_PREFIX_HEADER = "AoC2-Wk1/AoC2-Wk1-Prefix.pch";
				INFOPLIST_FILE = "AoC2-Wk1/AoC2-Wk1-Info.plist";
				PRODUCT_NAME = "$(TARGET_NAME)";
				WRAPPER_EXTENSION = app;
			};
			name = Release;
		};
/* End XCBuildConfiguration section */

/* Begin XCConfigurationList section */
		BFBC9B411575670A00F4AE3C /* Build configuration list for PBXProject "AoC2-Wk1" */ = {
			isa = XCConfigurationList;
			buildConfigurations = (
				BFBC9B631575670A00F4AE3C /* Debug */,
				BFBC9B641575670A00F4AE3C /* Release */,
			);
			defaultConfigurationIsVisible = 0;
			defaultConfigurationName = Release;
		};
		BFBC9B651575670A00F4AE3C /* Build configuration list for PBXNativeTarget "AoC2-Wk1" */ = {
			isa = XCConfigurationList;
			buildConfigurations = (
				BFBC9B661575670A00F4AE3C /* Debug */,
				BFBC9B671575670A00F4AE3C /* Release */,
			);
			defaultConfigurationIsVisible = 0;
		};
/* End XCConfigurationList section */
	};
	rootObject = BFBC9B3E1575670A00F4AE3C /* Project object */;
}
